
Microsoft Visual Studio Solution File, Format Version 12.00
# Visual Studio Version 16
VisualStudioVersion = 16.0.29911.84
MinimumVisualStudioVersion = 10.0.40219.1
Project("{9A19103F-16F7-4668-BE54-9A1E7A4F7556}") = "AdvancedSignalRClientUI", "AdvancedSignalRClientUI\AdvancedSignalRClientUI.csproj", "{F5F894D5-A879-4F33-A61D-A99180FD1711}"
EndProject
Project("{9A19103F-16F7-4668-BE54-9A1E7A4F7556}") = "AdvancedSignalRClientDaemon", "AdvancedSignalRClientDaemon\AdvancedSignalRClientDaemon.csproj", "{E6404747-2E6D-431D-A9FB-5E15DA55BBF1}"
EndProject
Project("{FAE04EC0-301F-11D3-BF4B-00C04F79EFBC}") = "CLI", "CLI\CLI.csproj", "{71859A60-BEFC-4105-AB22-B681A9380BFB}"
EndProject
Global
	GlobalSection(SolutionConfigurationPlatforms) = preSolution
		Debug|Any CPU = Debug|Any CPU
		Release|Any CPU = Release|Any CPU
	EndGlobalSection
	GlobalSection(ProjectConfigurationPlatforms) = postSolution
		{F5F894D5-A879-4F33-A61D-A99180FD1711}.Debug|Any CPU.ActiveCfg = Debug|Any CPU
		{F5F894D5-A879-4F33-A61D-A99180FD1711}.Debug|Any CPU.Build.0 = Debug|Any CPU
		{F5F894D5-A879-4F33-A61D-A99180FD1711}.Release|Any CPU.ActiveCfg = Release|Any CPU
		{F5F894D5-A879-4F33-A61D-A99180FD1711}.Release|Any CPU.Build.0 = Release|Any CPU
		{E6404747-2E6D-431D-A9FB-5E15DA55BBF1}.Debug|Any CPU.ActiveCfg = Debug|Any CPU
		{E6404747-2E6D-431D-A9FB-5E15DA55BBF1}.Debug|Any CPU.Build.0 = Debug|Any CPU
		{E6404747-2E6D-431D-A9FB-5E15DA55BBF1}.Release|Any CPU.ActiveCfg = Release|Any CPU
		{E6404747-2E6D-431D-A9FB-5E15DA55BBF1}.Release|Any CPU.Build.0 = Release|Any CPU
		{71859A60-BEFC-4105-AB22-B681A9380BFB}.Debug|Any CPU.ActiveCfg = Debug|Any CPU
		{71859A60-BEFC-4105-AB22-B681A9380BFB}.Debug|Any CPU.Build.0 = Debug|Any CPU
		{71859A60-BEFC-4105-AB22-B681A9380BFB}.Release|Any CPU.ActiveCfg = Release|Any CPU
		{71859A60-BEFC-4105-AB22-B681A9380BFB}.Release|Any CPU.Build.0 = Release|Any CPU
	EndGlobalSection
	GlobalSection(SolutionProperties) = preSolution
		HideSolutionNode = FALSE
	EndGlobalSection
	GlobalSection(ExtensibilityGlobals) = postSolution
		SolutionGuid = {65A5BF29-AE05-4722-A891-87C63DF188AA}
	EndGlobalSection
EndGlobal
